
Microsoft Visual Studio Solution File, Format Version 12.00
# Visual Studio Version 16
VisualStudioVersion = 16.0.30105.148
MinimumVisualStudioVersion = 10.0.40219.1
Project("{FAE04EC0-301F-11D3-BF4B-00C04F79EFBC}") = "Überstundenkonto", "Überstundenkonto\Überstundenkonto.csproj", "{901E5D17-A470-44A1-A9C2-FC03D409311C}"
EndProject
Global
	GlobalSection(SolutionConfigurationPlatforms) = preSolution
		Debug|Any CPU = Debug|Any CPU
		Release|Any CPU = Release|Any CPU
	EndGlobalSection
	GlobalSection(ProjectConfigurationPlatforms) = postSolution
		{901E5D17-A470-44A1-A9C2-FC03D409311C}.Debug|Any CPU.ActiveCfg = Debug|Any CPU
		{901E5D17-A470-44A1-A9C2-FC03D409311C}.Debug|Any CPU.Build.0 = Debug|Any CPU
		{901E5D17-A470-44A1-A9C2-FC03D409311C}.Release|Any CPU.ActiveCfg = Release|Any CPU
		{901E5D17-A470-44A1-A9C2-FC03D409311C}.Release|Any CPU.Build.0 = Release|Any CPU
	EndGlobalSection
	GlobalSection(SolutionProperties) = preSolution
		HideSolutionNode = FALSE
	EndGlobalSection
	GlobalSection(ExtensibilityGlobals) = postSolution
		SolutionGuid = {4DA74535-CA17-40E5-A8F1-03FF29CCD9A5}
	EndGlobalSection
EndGlobal
